// !$*UTF8*$!
{
	archiveVersion = 1;
	classes = {
	};
	objectVersion = 56;
	objects = {

/* Begin PBXBuildFile section */
		4E08AE8A2BC4E0010037A654 /* MainTabCellNode.swift in Sources */ = {isa = PBXBuildFile; fileRef = 4E08AE892BC4E0010037A654 /* MainTabCellNode.swift */; };
		4E08AE8C2BC4E2A80037A654 /* Utilssize.swift in Sources */ = {isa = PBXBuildFile; fileRef = 4E08AE8B2BC4E2A80037A654 /* Utilssize.swift */; };
		4E4E99F92BC8CE3C0061B1E4 /* ModelPosting.swift in Sources */ = {isa = PBXBuildFile; fileRef = 4E4E99F82BC8CE3C0061B1E4 /* ModelPosting.swift */; };
		4E4E99FD2BC8D2AE0061B1E4 /* MainTabTableNode.swift in Sources */ = {isa = PBXBuildFile; fileRef = 4E4E99FC2BC8D2AE0061B1E4 /* MainTabTableNode.swift */; };
		4E4E9A042BC8E5390061B1E4 /* Utilsformatcurrency.swift in Sources */ = {isa = PBXBuildFile; fileRef = 4E4E9A032BC8E5390061B1E4 /* Utilsformatcurrency.swift */; };
		4E4E9A082BC93DBE0061B1E4 /* MainBarController.swift in Sources */ = {isa = PBXBuildFile; fileRef = 4E4E9A072BC93DBE0061B1E4 /* MainBarController.swift */; };
		4E67B6892BCCD280006212FF /* Routes.swift in Sources */ = {isa = PBXBuildFile; fileRef = 4E67B6882BCCD280006212FF /* Routes.swift */; };
		4E67B68C2BCCD4EF006212FF /* CreatePosting.swift in Sources */ = {isa = PBXBuildFile; fileRef = 4E67B68B2BCCD4EF006212FF /* CreatePosting.swift */; };
		4E67B68E2BCCDBF9006212FF /* Utilscontroller.swift in Sources */ = {isa = PBXBuildFile; fileRef = 4E67B68D2BCCDBF9006212FF /* Utilscontroller.swift */; };
		4E67B6922BCCDD3A006212FF /* CreatePostingBodyNode.swift in Sources */ = {isa = PBXBuildFile; fileRef = 4E67B6912BCCDD3A006212FF /* CreatePostingBodyNode.swift */; };
		4E9AF31E2BC4EC6B00D8D9C1 /* MainTabBarSelectorNode.swift in Sources */ = {isa = PBXBuildFile; fileRef = 4E9AF31D2BC4EC6B00D8D9C1 /* MainTabBarSelectorNode.swift */; };
		4EE4DE712BC3CD6B004FD7C2 /* AppDelegate.swift in Sources */ = {isa = PBXBuildFile; fileRef = 4EE4DE702BC3CD6B004FD7C2 /* AppDelegate.swift */; };
		4EE4DE752BC3CD6B004FD7C2 /* MainViewController.swift in Sources */ = {isa = PBXBuildFile; fileRef = 4EE4DE742BC3CD6B004FD7C2 /* MainViewController.swift */; };
		4EE4DE7A2BC3CD6D004FD7C2 /* Assets.xcassets in Resources */ = {isa = PBXBuildFile; fileRef = 4EE4DE792BC3CD6D004FD7C2 /* Assets.xcassets */; };
		4EE4DE7D2BC3CD6D004FD7C2 /* Base in Resources */ = {isa = PBXBuildFile; fileRef = 4EE4DE7C2BC3CD6D004FD7C2 /* Base */; };
		4EE4DE8C2BC3D754004FD7C2 /* MainBodyNode.swift in Sources */ = {isa = PBXBuildFile; fileRef = 4EE4DE8B2BC3D754004FD7C2 /* MainBodyNode.swift */; };
		4EE4DE8E2BC3DBBF004FD7C2 /* Constantcolor.swift in Sources */ = {isa = PBXBuildFile; fileRef = 4EE4DE8D2BC3DBBF004FD7C2 /* Constantcolor.swift */; };
		4EE4DE922BC3DD74004FD7C2 /* CHeader.swift in Sources */ = {isa = PBXBuildFile; fileRef = 4EE4DE912BC3DD74004FD7C2 /* CHeader.swift */; };
		4EE4DE942BC3E332004FD7C2 /* Utilssafearea.swift in Sources */ = {isa = PBXBuildFile; fileRef = 4EE4DE932BC3E332004FD7C2 /* Utilssafearea.swift */; };
		4EE4DE972BC3EB23004FD7C2 /* MainTabBarNode.swift in Sources */ = {isa = PBXBuildFile; fileRef = 4EE4DE962BC3EB23004FD7C2 /* MainTabBarNode.swift */; };
		FF1518B9F65AC98ECED8C168 /* Pods_catetin.framework in Frameworks */ = {isa = PBXBuildFile; fileRef = 09623320E552050211535972 /* Pods_catetin.framework */; };
/* End PBXBuildFile section */

/* Begin PBXFileReference section */
		09623320E552050211535972 /* Pods_catetin.framework */ = {isa = PBXFileReference; explicitFileType = wrapper.framework; includeInIndex = 0; path = Pods_catetin.framework; sourceTree = BUILT_PRODUCTS_DIR; };
		4E08AE892BC4E0010037A654 /* MainTabCellNode.swift */ = {isa = PBXFileReference; lastKnownFileType = sourcecode.swift; path = MainTabCellNode.swift; sourceTree = "<group>"; };
		4E08AE8B2BC4E2A80037A654 /* Utilssize.swift */ = {isa = PBXFileReference; lastKnownFileType = sourcecode.swift; path = Utilssize.swift; sourceTree = "<group>"; };
		4E4E99F82BC8CE3C0061B1E4 /* ModelPosting.swift */ = {isa = PBXFileReference; lastKnownFileType = sourcecode.swift; path = ModelPosting.swift; sourceTree = "<group>"; };
		4E4E99FC2BC8D2AE0061B1E4 /* MainTabTableNode.swift */ = {isa = PBXFileReference; lastKnownFileType = sourcecode.swift; path = MainTabTableNode.swift; sourceTree = "<group>"; };
		4E4E9A032BC8E5390061B1E4 /* Utilsformatcurrency.swift */ = {isa = PBXFileReference; lastKnownFileType = sourcecode.swift; path = Utilsformatcurrency.swift; sourceTree = "<group>"; };
		4E4E9A072BC93DBE0061B1E4 /* MainBarController.swift */ = {isa = PBXFileReference; lastKnownFileType = sourcecode.swift; path = MainBarController.swift; sourceTree = "<group>"; };
		4E67B6882BCCD280006212FF /* Routes.swift */ = {isa = PBXFileReference; lastKnownFileType = sourcecode.swift; path = Routes.swift; sourceTree = "<group>"; };
		4E67B68B2BCCD4EF006212FF /* CreatePosting.swift */ = {isa = PBXFileReference; lastKnownFileType = sourcecode.swift; path = CreatePosting.swift; sourceTree = "<group>"; };
		4E67B68D2BCCDBF9006212FF /* Utilscontroller.swift */ = {isa = PBXFileReference; lastKnownFileType = sourcecode.swift; path = Utilscontroller.swift; sourceTree = "<group>"; };
		4E67B6912BCCDD3A006212FF /* CreatePostingBodyNode.swift */ = {isa = PBXFileReference; lastKnownFileType = sourcecode.swift; path = CreatePostingBodyNode.swift; sourceTree = "<group>"; };
		4E9AF31D2BC4EC6B00D8D9C1 /* MainTabBarSelectorNode.swift */ = {isa = PBXFileReference; lastKnownFileType = sourcecode.swift; path = MainTabBarSelectorNode.swift; sourceTree = "<group>"; };
		4EE4DE6D2BC3CD6B004FD7C2 /* catetin.app */ = {isa = PBXFileReference; explicitFileType = wrapper.application; includeInIndex = 0; path = catetin.app; sourceTree = BUILT_PRODUCTS_DIR; };
		4EE4DE702BC3CD6B004FD7C2 /* AppDelegate.swift */ = {isa = PBXFileReference; lastKnownFileType = sourcecode.swift; path = AppDelegate.swift; sourceTree = "<group>"; };
		4EE4DE742BC3CD6B004FD7C2 /* MainViewController.swift */ = {isa = PBXFileReference; lastKnownFileType = sourcecode.swift; path = MainViewController.swift; sourceTree = "<group>"; };
		4EE4DE792BC3CD6D004FD7C2 /* Assets.xcassets */ = {isa = PBXFileReference; lastKnownFileType = folder.assetcatalog; path = Assets.xcassets; sourceTree = "<group>"; };
		4EE4DE7C2BC3CD6D004FD7C2 /* Base */ = {isa = PBXFileReference; lastKnownFileType = file.storyboard; name = Base; path = Base.lproj/LaunchScreen.storyboard; sourceTree = "<group>"; };
		4EE4DE7E2BC3CD6D004FD7C2 /* Info.plist */ = {isa = PBXFileReference; lastKnownFileType = text.plist.xml; path = Info.plist; sourceTree = "<group>"; };
		4EE4DE8B2BC3D754004FD7C2 /* MainBodyNode.swift */ = {isa = PBXFileReference; lastKnownFileType = sourcecode.swift; path = MainBodyNode.swift; sourceTree = "<group>"; };
		4EE4DE8D2BC3DBBF004FD7C2 /* Constantcolor.swift */ = {isa = PBXFileReference; lastKnownFileType = sourcecode.swift; path = Constantcolor.swift; sourceTree = "<group>"; };
		4EE4DE912BC3DD74004FD7C2 /* CHeader.swift */ = {isa = PBXFileReference; lastKnownFileType = sourcecode.swift; path = CHeader.swift; sourceTree = "<group>"; };
		4EE4DE932BC3E332004FD7C2 /* Utilssafearea.swift */ = {isa = PBXFileReference; lastKnownFileType = sourcecode.swift; path = Utilssafearea.swift; sourceTree = "<group>"; };
		4EE4DE962BC3EB23004FD7C2 /* MainTabBarNode.swift */ = {isa = PBXFileReference; lastKnownFileType = sourcecode.swift; path = MainTabBarNode.swift; sourceTree = "<group>"; };
		8FA68970F34D875836B2AC46 /* Pods-catetin.debug.xcconfig */ = {isa = PBXFileReference; includeInIndex = 1; lastKnownFileType = text.xcconfig; name = "Pods-catetin.debug.xcconfig"; path = "Target Support Files/Pods-catetin/Pods-catetin.debug.xcconfig"; sourceTree = "<group>"; };
		FA2AB6DBF7CF92475C84FE53 /* Pods-catetin.release.xcconfig */ = {isa = PBXFileReference; includeInIndex = 1; lastKnownFileType = text.xcconfig; name = "Pods-catetin.release.xcconfig"; path = "Target Support Files/Pods-catetin/Pods-catetin.release.xcconfig"; sourceTree = "<group>"; };
/* End PBXFileReference section */

/* Begin PBXFrameworksBuildPhase section */
		4EE4DE6A2BC3CD6B004FD7C2 /* Frameworks */ = {
			isa = PBXFrameworksBuildPhase;
			buildActionMask = 2147483647;
			files = (
				FF1518B9F65AC98ECED8C168 /* Pods_catetin.framework in Frameworks */,
			);
			runOnlyForDeploymentPostprocessing = 0;
		};
/* End PBXFrameworksBuildPhase section */

/* Begin PBXGroup section */
		3F0CE315EB53E054F79847AD /* Frameworks */ = {
			isa = PBXGroup;
			children = (
				09623320E552050211535972 /* Pods_catetin.framework */,
			);
			name = Frameworks;
			sourceTree = "<group>";
		};
		41FC94ED3352A2EF423CF67C /* Pods */ = {
			isa = PBXGroup;
			children = (
				8FA68970F34D875836B2AC46 /* Pods-catetin.debug.xcconfig */,
				FA2AB6DBF7CF92475C84FE53 /* Pods-catetin.release.xcconfig */,
			);
			path = Pods;
			sourceTree = "<group>";
		};
		4E08AE842BC4DFA80037A654 /* Components */ = {
			isa = PBXGroup;
			children = (
				4E08AE882BC4DFF10037A654 /* MainTabNode */,
			);
			path = Components;
			sourceTree = "<group>";
		};
		4E08AE882BC4DFF10037A654 /* MainTabNode */ = {
			isa = PBXGroup;
			children = (
				4E4E99FA2BC8D2920061B1E4 /* Components */,
				4E08AE892BC4E0010037A654 /* MainTabCellNode.swift */,
			);
			path = MainTabNode;
			sourceTree = "<group>";
		};
		4E4E99F72BC8CE1C0061B1E4 /* Models */ = {
			isa = PBXGroup;
			children = (
				4E4E99F82BC8CE3C0061B1E4 /* ModelPosting.swift */,
			);
			path = Models;
			sourceTree = "<group>";
		};
		4E4E99FA2BC8D2920061B1E4 /* Components */ = {
			isa = PBXGroup;
			children = (
				4E4E99FB2BC8D29A0061B1E4 /* MainTabTableNode */,
			);
			path = Components;
			sourceTree = "<group>";
		};
		4E4E99FB2BC8D29A0061B1E4 /* MainTabTableNode */ = {
			isa = PBXGroup;
			children = (
				4E4E99FC2BC8D2AE0061B1E4 /* MainTabTableNode.swift */,
			);
			path = MainTabTableNode;
			sourceTree = "<group>";
		};
		4E4E9A052BC93D9B0061B1E4 /* MainBar */ = {
			isa = PBXGroup;
			children = (
				4E4E9A072BC93DBE0061B1E4 /* MainBarController.swift */,
			);
			path = MainBar;
			sourceTree = "<group>";
		};
		4E67B68A2BCCD4CF006212FF /* CreatePosting */ = {
			isa = PBXGroup;
			children = (
				4E67B68F2BCCDCDD006212FF /* Components */,
				4E67B68B2BCCD4EF006212FF /* CreatePosting.swift */,
			);
			path = CreatePosting;
			sourceTree = "<group>";
		};
		4E67B68F2BCCDCDD006212FF /* Components */ = {
			isa = PBXGroup;
			children = (
				4E67B6902BCCDD23006212FF /* CreatePostingBodyNode */,
			);
			path = Components;
			sourceTree = "<group>";
		};
		4E67B6902BCCDD23006212FF /* CreatePostingBodyNode */ = {
			isa = PBXGroup;
			children = (
				4E67B6912BCCDD3A006212FF /* CreatePostingBodyNode.swift */,
			);
			path = CreatePostingBodyNode;
			sourceTree = "<group>";
		};
		4E9AF31B2BC4EC5500D8D9C1 /* MainTabBarSelectorNode */ = {
			isa = PBXGroup;
			children = (
				4E9AF31D2BC4EC6B00D8D9C1 /* MainTabBarSelectorNode.swift */,
			);
			path = MainTabBarSelectorNode;
			sourceTree = "<group>";
		};
		4EE4DE642BC3CD6B004FD7C2 = {
			isa = PBXGroup;
			children = (
				4EE4DE6F2BC3CD6B004FD7C2 /* catetin */,
				4EE4DE6E2BC3CD6B004FD7C2 /* Products */,
				41FC94ED3352A2EF423CF67C /* Pods */,
				3F0CE315EB53E054F79847AD /* Frameworks */,
			);
			sourceTree = "<group>";
		};
		4EE4DE6E2BC3CD6B004FD7C2 /* Products */ = {
			isa = PBXGroup;
			children = (
				4EE4DE6D2BC3CD6B004FD7C2 /* catetin.app */,
			);
			name = Products;
			sourceTree = "<group>";
		};
		4EE4DE6F2BC3CD6B004FD7C2 /* catetin */ = {
			isa = PBXGroup;
			children = (
				4E4E99F72BC8CE1C0061B1E4 /* Models */,
				4EE4DE8F2BC3DD5F004FD7C2 /* Components */,
				4EE4DE882BC3D6E6004FD7C2 /* Utils */,
				4EE4DE872BC3D6E0004FD7C2 /* Constants */,
				4EE4DE842BC3CDCA004FD7C2 /* Screens */,
				4EE4DE702BC3CD6B004FD7C2 /* AppDelegate.swift */,
				4EE4DE792BC3CD6D004FD7C2 /* Assets.xcassets */,
				4EE4DE7B2BC3CD6D004FD7C2 /* LaunchScreen.storyboard */,
				4EE4DE7E2BC3CD6D004FD7C2 /* Info.plist */,
				4E67B6882BCCD280006212FF /* Routes.swift */,
			);
			path = catetin;
			sourceTree = "<group>";
		};
		4EE4DE842BC3CDCA004FD7C2 /* Screens */ = {
			isa = PBXGroup;
			children = (
				4E67B68A2BCCD4CF006212FF /* CreatePosting */,
				4E4E9A052BC93D9B0061B1E4 /* MainBar */,
				4EE4DE852BC3CDD8004FD7C2 /* Main */,
			);
			path = Screens;
			sourceTree = "<group>";
		};
		4EE4DE852BC3CDD8004FD7C2 /* Main */ = {
			isa = PBXGroup;
			children = (
				4EE4DE862BC3D672004FD7C2 /* Components */,
				4EE4DE742BC3CD6B004FD7C2 /* MainViewController.swift */,
			);
			path = Main;
			sourceTree = "<group>";
		};
		4EE4DE862BC3D672004FD7C2 /* Components */ = {
			isa = PBXGroup;
			children = (
				4E9AF31B2BC4EC5500D8D9C1 /* MainTabBarSelectorNode */,
				4EE4DE952BC3EB0F004FD7C2 /* MainTabBarNode */,
				4EE4DE892BC3D735004FD7C2 /* MainBodyNode */,
			);
			path = Components;
			sourceTree = "<group>";
		};
		4EE4DE872BC3D6E0004FD7C2 /* Constants */ = {
			isa = PBXGroup;
			children = (
				4EE4DE8D2BC3DBBF004FD7C2 /* Constantcolor.swift */,
			);
			path = Constants;
			sourceTree = "<group>";
		};
		4EE4DE882BC3D6E6004FD7C2 /* Utils */ = {
			isa = PBXGroup;
			children = (
				4EE4DE932BC3E332004FD7C2 /* Utilssafearea.swift */,
				4E08AE8B2BC4E2A80037A654 /* Utilssize.swift */,
				4E4E9A032BC8E5390061B1E4 /* Utilsformatcurrency.swift */,
				4E67B68D2BCCDBF9006212FF /* Utilscontroller.swift */,
			);
			path = Utils;
			sourceTree = "<group>";
		};
		4EE4DE892BC3D735004FD7C2 /* MainBodyNode */ = {
			isa = PBXGroup;
			children = (
				4EE4DE8B2BC3D754004FD7C2 /* MainBodyNode.swift */,
			);
			path = MainBodyNode;
			sourceTree = "<group>";
		};
		4EE4DE8F2BC3DD5F004FD7C2 /* Components */ = {
			isa = PBXGroup;
			children = (
				4EE4DE902BC3DD67004FD7C2 /* CHeader */,
			);
			path = Components;
			sourceTree = "<group>";
		};
		4EE4DE902BC3DD67004FD7C2 /* CHeader */ = {
			isa = PBXGroup;
			children = (
				4EE4DE912BC3DD74004FD7C2 /* CHeader.swift */,
			);
			path = CHeader;
			sourceTree = "<group>";
		};
		4EE4DE952BC3EB0F004FD7C2 /* MainTabBarNode */ = {
			isa = PBXGroup;
			children = (
				4E08AE842BC4DFA80037A654 /* Components */,
				4EE4DE962BC3EB23004FD7C2 /* MainTabBarNode.swift */,
			);
			path = MainTabBarNode;
			sourceTree = "<group>";
		};
/* End PBXGroup section */

/* Begin PBXNativeTarget section */
		4EE4DE6C2BC3CD6B004FD7C2 /* catetin */ = {
			isa = PBXNativeTarget;
			buildConfigurationList = 4EE4DE812BC3CD6D004FD7C2 /* Build configuration list for PBXNativeTarget "catetin" */;
			buildPhases = (
				3D150FD35AD868A3C6C2175D /* [CP] Check Pods Manifest.lock */,
				4EE4DE692BC3CD6B004FD7C2 /* Sources */,
				4EE4DE6A2BC3CD6B004FD7C2 /* Frameworks */,
				4EE4DE6B2BC3CD6B004FD7C2 /* Resources */,
				33FC272D0EA0ED4D45530CEA /* [CP] Embed Pods Frameworks */,
			);
			buildRules = (
			);
			dependencies = (
			);
			name = catetin;
			productName = catetin;
			productReference = 4EE4DE6D2BC3CD6B004FD7C2 /* catetin.app */;
			productType = "com.apple.product-type.application";
		};
/* End PBXNativeTarget section */

/* Begin PBXProject section */
		4EE4DE652BC3CD6B004FD7C2 /* Project object */ = {
			isa = PBXProject;
			attributes = {
				BuildIndependentTargetsInParallel = 1;
				LastSwiftUpdateCheck = 1530;
				LastUpgradeCheck = 1530;
				TargetAttributes = {
					4EE4DE6C2BC3CD6B004FD7C2 = {
						CreatedOnToolsVersion = 15.3;
					};
				};
			};
			buildConfigurationList = 4EE4DE682BC3CD6B004FD7C2 /* Build configuration list for PBXProject "catetin" */;
			compatibilityVersion = "Xcode 14.0";
			developmentRegion = en;
			hasScannedForEncodings = 0;
			knownRegions = (
				en,
				Base,
			);
			mainGroup = 4EE4DE642BC3CD6B004FD7C2;
			productRefGroup = 4EE4DE6E2BC3CD6B004FD7C2 /* Products */;
			projectDirPath = "";
			projectRoot = "";
			targets = (
				4EE4DE6C2BC3CD6B004FD7C2 /* catetin */,
			);
		};
/* End PBXProject section */

/* Begin PBXResourcesBuildPhase section */
		4EE4DE6B2BC3CD6B004FD7C2 /* Resources */ = {
			isa = PBXResourcesBuildPhase;
			buildActionMask = 2147483647;
			files = (
				4EE4DE7A2BC3CD6D004FD7C2 /* Assets.xcassets in Resources */,
				4EE4DE7D2BC3CD6D004FD7C2 /* Base in Resources */,
			);
			runOnlyForDeploymentPostprocessing = 0;
		};
/* End PBXResourcesBuildPhase section */

/* Begin PBXShellScriptBuildPhase section */
		33FC272D0EA0ED4D45530CEA /* [CP] Embed Pods Frameworks */ = {
			isa = PBXShellScriptBuildPhase;
			buildActionMask = 2147483647;
			files = (
			);
			inputFileListPaths = (
				"${PODS_ROOT}/Target Support Files/Pods-catetin/Pods-catetin-frameworks-${CONFIGURATION}-input-files.xcfilelist",
			);
			name = "[CP] Embed Pods Frameworks";
			outputFileListPaths = (
				"${PODS_ROOT}/Target Support Files/Pods-catetin/Pods-catetin-frameworks-${CONFIGURATION}-output-files.xcfilelist",
			);
			runOnlyForDeploymentPostprocessing = 0;
			shellPath = /bin/sh;
			shellScript = "\"${PODS_ROOT}/Target Support Files/Pods-catetin/Pods-catetin-frameworks.sh\"\n";
			showEnvVarsInLog = 0;
		};
		3D150FD35AD868A3C6C2175D /* [CP] Check Pods Manifest.lock */ = {
			isa = PBXShellScriptBuildPhase;
			buildActionMask = 2147483647;
			files = (
			);
			inputFileListPaths = (
			);
			inputPaths = (
				"${PODS_PODFILE_DIR_PATH}/Podfile.lock",
				"${PODS_ROOT}/Manifest.lock",
			);
			name = "[CP] Check Pods Manifest.lock";
			outputFileListPaths = (
			);
			outputPaths = (
				"$(DERIVED_FILE_DIR)/Pods-catetin-checkManifestLockResult.txt",
			);
			runOnlyForDeploymentPostprocessing = 0;
			shellPath = /bin/sh;
			shellScript = "diff \"${PODS_PODFILE_DIR_PATH}/Podfile.lock\" \"${PODS_ROOT}/Manifest.lock\" > /dev/null\nif [ $? != 0 ] ; then\n    # print error to STDERR\n    echo \"error: The sandbox is not in sync with the Podfile.lock. Run 'pod install' or update your CocoaPods installation.\" >&2\n    exit 1\nfi\n# This output is used by Xcode 'outputs' to avoid re-running this script phase.\necho \"SUCCESS\" > \"${SCRIPT_OUTPUT_FILE_0}\"\n";
			showEnvVarsInLog = 0;
		};
/* End PBXShellScriptBuildPhase section */

/* Begin PBXSourcesBuildPhase section */
		4EE4DE692BC3CD6B004FD7C2 /* Sources */ = {
			isa = PBXSourcesBuildPhase;
			buildActionMask = 2147483647;
			files = (
				4E4E9A082BC93DBE0061B1E4 /* MainBarController.swift in Sources */,
				4EE4DE8C2BC3D754004FD7C2 /* MainBodyNode.swift in Sources */,
				4EE4DE752BC3CD6B004FD7C2 /* MainViewController.swift in Sources */,
				4E4E99F92BC8CE3C0061B1E4 /* ModelPosting.swift in Sources */,
				4E67B6922BCCDD3A006212FF /* CreatePostingBodyNode.swift in Sources */,
				4E08AE8A2BC4E0010037A654 /* MainTabCellNode.swift in Sources */,
				4EE4DE712BC3CD6B004FD7C2 /* AppDelegate.swift in Sources */,
				4E67B68C2BCCD4EF006212FF /* CreatePosting.swift in Sources */,
				4EE4DE972BC3EB23004FD7C2 /* MainTabBarNode.swift in Sources */,
				4E67B6892BCCD280006212FF /* Routes.swift in Sources */,
				4EE4DE8E2BC3DBBF004FD7C2 /* Constantcolor.swift in Sources */,
				4E4E99FD2BC8D2AE0061B1E4 /* MainTabTableNode.swift in Sources */,
				4E4E9A042BC8E5390061B1E4 /* Utilsformatcurrency.swift in Sources */,
				4E9AF31E2BC4EC6B00D8D9C1 /* MainTabBarSelectorNode.swift in Sources */,
				4EE4DE922BC3DD74004FD7C2 /* CHeader.swift in Sources */,
				4E67B68E2BCCDBF9006212FF /* Utilscontroller.swift in Sources */,
				4E08AE8C2BC4E2A80037A654 /* Utilssize.swift in Sources */,
				4EE4DE942BC3E332004FD7C2 /* Utilssafearea.swift in Sources */,
			);
			runOnlyForDeploymentPostprocessing = 0;
		};
/* End PBXSourcesBuildPhase section */

/* Begin PBXVariantGroup section */
		4EE4DE7B2BC3CD6D004FD7C2 /* LaunchScreen.storyboard */ = {
			isa = PBXVariantGroup;
			children = (
				4EE4DE7C2BC3CD6D004FD7C2 /* Base */,
			);
			name = LaunchScreen.storyboard;
			sourceTree = "<group>";
		};
/* End PBXVariantGroup section */

/* Begin XCBuildConfiguration section */
		4EE4DE7F2BC3CD6D004FD7C2 /* Debug */ = {
			isa = XCBuildConfiguration;
			buildSettings = {
				ALWAYS_SEARCH_USER_PATHS = NO;
				ASSETCATALOG_COMPILER_GENERATE_SWIFT_ASSET_SYMBOL_EXTENSIONS = YES;
				CLANG_ANALYZER_NONNULL = YES;
				CLANG_ANALYZER_NUMBER_OBJECT_CONVERSION = YES_AGGRESSIVE;
				CLANG_CXX_LANGUAGE_STANDARD = "gnu++20";
				CLANG_ENABLE_MODULES = YES;
				CLANG_ENABLE_OBJC_ARC = YES;
				CLANG_ENABLE_OBJC_WEAK = YES;
				CLANG_WARN_BLOCK_CAPTURE_AUTORELEASING = YES;
				CLANG_WARN_BOOL_CONVERSION = YES;
				CLANG_WARN_COMMA = YES;
				CLANG_WARN_CONSTANT_CONVERSION = YES;
				CLANG_WARN_DEPRECATED_OBJC_IMPLEMENTATIONS = YES;
				CLANG_WARN_DIRECT_OBJC_ISA_USAGE = YES_ERROR;
				CLANG_WARN_DOCUMENTATION_COMMENTS = YES;
				CLANG_WARN_EMPTY_BODY = YES;
				CLANG_WARN_ENUM_CONVERSION = YES;
				CLANG_WARN_INFINITE_RECURSION = YES;
				CLANG_WARN_INT_CONVERSION = YES;
				CLANG_WARN_NON_LITERAL_NULL_CONVERSION = YES;
				CLANG_WARN_OBJC_IMPLICIT_RETAIN_SELF = YES;
				CLANG_WARN_OBJC_LITERAL_CONVERSION = YES;
				CLANG_WARN_OBJC_ROOT_CLASS = YES_ERROR;
				CLANG_WARN_QUOTED_INCLUDE_IN_FRAMEWORK_HEADER = YES;
				CLANG_WARN_RANGE_LOOP_ANALYSIS = YES;
				CLANG_WARN_STRICT_PROTOTYPES = YES;
				CLANG_WARN_SUSPICIOUS_MOVE = YES;
				CLANG_WARN_UNGUARDED_AVAILABILITY = YES_AGGRESSIVE;
				CLANG_WARN_UNREACHABLE_CODE = YES;
				CLANG_WARN__DUPLICATE_METHOD_MATCH = YES;
				COPY_PHASE_STRIP = NO;
				DEBUG_INFORMATION_FORMAT = dwarf;
				ENABLE_STRICT_OBJC_MSGSEND = YES;
				ENABLE_TESTABILITY = YES;
				ENABLE_USER_SCRIPT_SANDBOXING = NO;
				GCC_C_LANGUAGE_STANDARD = gnu17;
				GCC_DYNAMIC_NO_PIC = NO;
				GCC_NO_COMMON_BLOCKS = YES;
				GCC_OPTIMIZATION_LEVEL = 0;
				GCC_PREPROCESSOR_DEFINITIONS = (
					"DEBUG=1",
					"$(inherited)",
				);
				GCC_WARN_64_TO_32_BIT_CONVERSION = YES;
				GCC_WARN_ABOUT_RETURN_TYPE = YES_ERROR;
				GCC_WARN_UNDECLARED_SELECTOR = YES;
				GCC_WARN_UNINITIALIZED_AUTOS = YES_AGGRESSIVE;
				GCC_WARN_UNUSED_FUNCTION = YES;
				GCC_WARN_UNUSED_VARIABLE = YES;
				IPHONEOS_DEPLOYMENT_TARGET = 15.0;
				LOCALIZATION_PREFERS_STRING_CATALOGS = YES;
				MTL_ENABLE_DEBUG_INFO = INCLUDE_SOURCE;
				MTL_FAST_MATH = YES;
				ONLY_ACTIVE_ARCH = YES;
				SDKROOT = iphoneos;
				SWIFT_ACTIVE_COMPILATION_CONDITIONS = "DEBUG $(inherited)";
				SWIFT_OPTIMIZATION_LEVEL = "-Onone";
			};
			name = Debug;
		};
		4EE4DE802BC3CD6D004FD7C2 /* Release */ = {
			isa = XCBuildConfiguration;
			buildSettings = {
				ALWAYS_SEARCH_USER_PATHS = NO;
				ASSETCATALOG_COMPILER_GENERATE_SWIFT_ASSET_SYMBOL_EXTENSIONS = YES;
				CLANG_ANALYZER_NONNULL = YES;
				CLANG_ANALYZER_NUMBER_OBJECT_CONVERSION = YES_AGGRESSIVE;
				CLANG_CXX_LANGUAGE_STANDARD = "gnu++20";
				CLANG_ENABLE_MODULES = YES;
				CLANG_ENABLE_OBJC_ARC = YES;
				CLANG_ENABLE_OBJC_WEAK = YES;
				CLANG_WARN_BLOCK_CAPTURE_AUTORELEASING = YES;
				CLANG_WARN_BOOL_CONVERSION = YES;
				CLANG_WARN_COMMA = YES;
				CLANG_WARN_CONSTANT_CONVERSION = YES;
				CLANG_WARN_DEPRECATED_OBJC_IMPLEMENTATIONS = YES;
				CLANG_WARN_DIRECT_OBJC_ISA_USAGE = YES_ERROR;
				CLANG_WARN_DOCUMENTATION_COMMENTS = YES;
				CLANG_WARN_EMPTY_BODY = YES;
				CLANG_WARN_ENUM_CONVERSION = YES;
				CLANG_WARN_INFINITE_RECURSION = YES;
				CLANG_WARN_INT_CONVERSION = YES;
				CLANG_WARN_NON_LITERAL_NULL_CONVERSION = YES;
				CLANG_WARN_OBJC_IMPLICIT_RETAIN_SELF = YES;
				CLANG_WARN_OBJC_LITERAL_CONVERSION = YES;
				CLANG_WARN_OBJC_ROOT_CLASS = YES_ERROR;
				CLANG_WARN_QUOTED_INCLUDE_IN_FRAMEWORK_HEADER = YES;
				CLANG_WARN_RANGE_LOOP_ANALYSIS = YES;
				CLANG_WARN_STRICT_PROTOTYPES = YES;
				CLANG_WARN_SUSPICIOUS_MOVE = YES;
				CLANG_WARN_UNGUARDED_AVAILABILITY = YES_AGGRESSIVE;
				CLANG_WARN_UNREACHABLE_CODE = YES;
				CLANG_WARN__DUPLICATE_METHOD_MATCH = YES;
				COPY_PHASE_STRIP = NO;
				DEBUG_INFORMATION_FORMAT = "dwarf-with-dsym";
				ENABLE_NS_ASSERTIONS = NO;
				ENABLE_STRICT_OBJC_MSGSEND = YES;
				ENABLE_USER_SCRIPT_SANDBOXING = NO;
				GCC_C_LANGUAGE_STANDARD = gnu17;
				GCC_NO_COMMON_BLOCKS = YES;
				GCC_WARN_64_TO_32_BIT_CONVERSION = YES;
				GCC_WARN_ABOUT_RETURN_TYPE = YES_ERROR;
				GCC_WARN_UNDECLARED_SELECTOR = YES;
				GCC_WARN_UNINITIALIZED_AUTOS = YES_AGGRESSIVE;
				GCC_WARN_UNUSED_FUNCTION = YES;
				GCC_WARN_UNUSED_VARIABLE = YES;
				IPHONEOS_DEPLOYMENT_TARGET = 15.0;
				LOCALIZATION_PREFERS_STRING_CATALOGS = YES;
				MTL_ENABLE_DEBUG_INFO = NO;
				MTL_FAST_MATH = YES;
				SDKROOT = iphoneos;
				SWIFT_COMPILATION_MODE = wholemodule;
				VALIDATE_PRODUCT = YES;
			};
			name = Release;
		};
		4EE4DE822BC3CD6D004FD7C2 /* Debug */ = {
			isa = XCBuildConfiguration;
			baseConfigurationReference = 8FA68970F34D875836B2AC46 /* Pods-catetin.debug.xcconfig */;
			buildSettings = {
				ASSETCATALOG_COMPILER_APPICON_NAME = AppIcon;
				ASSETCATALOG_COMPILER_GLOBAL_ACCENT_COLOR_NAME = AccentColor;
				CODE_SIGN_STYLE = Automatic;
				CURRENT_PROJECT_VERSION = 1;
				DEVELOPMENT_TEAM = 276H2F73WL;
				GENERATE_INFOPLIST_FILE = YES;
				INFOPLIST_FILE = catetin/Info.plist;
				INFOPLIST_KEY_CFBundleDisplayName = Catetin;
				INFOPLIST_KEY_LSApplicationCategoryType = "public.app-category.utilities";
				INFOPLIST_KEY_UIApplicationSupportsIndirectInputEvents = YES;
				INFOPLIST_KEY_UILaunchStoryboardName = LaunchScreen;
				INFOPLIST_KEY_UIMainStoryboardFile = "";
				INFOPLIST_KEY_UISupportedInterfaceOrientations = UIInterfaceOrientationPortrait;
				IPHONEOS_DEPLOYMENT_TARGET = 13.0;
				LD_RUNPATH_SEARCH_PATHS = (
					"$(inherited)",
					"@executable_path/Frameworks",
				);
				MARKETING_VERSION = 1.0;
				PRODUCT_BUNDLE_IDENTIFIER = com.nugroho.catetin;
				PRODUCT_NAME = "$(TARGET_NAME)";
				SUPPORTED_PLATFORMS = "iphoneos iphonesimulator";
				SUPPORTS_MACCATALYST = NO;
				SUPPORTS_MAC_DESIGNED_FOR_IPHONE_IPAD = NO;
				SUPPORTS_XR_DESIGNED_FOR_IPHONE_IPAD = NO;
				SWIFT_EMIT_LOC_STRINGS = YES;
				SWIFT_VERSION = 5.0;
				TARGETED_DEVICE_FAMILY = "1,2";
			};
			name = Debug;
		};
		4EE4DE832BC3CD6D004FD7C2 /* Release */ = {
			isa = XCBuildConfiguration;
			baseConfigurationReference = FA2AB6DBF7CF92475C84FE53 /* Pods-catetin.release.xcconfig */;
			buildSettings = {
				ASSETCATALOG_COMPILER_APPICON_NAME = AppIcon;
				ASSETCATALOG_COMPILER_GLOBAL_ACCENT_COLOR_NAME = AccentColor;
				CODE_SIGN_STYLE = Automatic;
				CURRENT_PROJECT_VERSION = 1;
				DEVELOPMENT_TEAM = 276H2F73WL;
				GENERATE_INFOPLIST_FILE = YES;
				INFOPLIST_FILE = catetin/Info.plist;
				INFOPLIST_KEY_CFBundleDisplayName = Catetin;
				INFOPLIST_KEY_LSApplicationCategoryType = "public.app-category.utilities";
				INFOPLIST_KEY_UIApplicationSupportsIndirectInputEvents = YES;
				INFOPLIST_KEY_UILaunchStoryboardName = LaunchScreen;
				INFOPLIST_KEY_UIMainStoryboardFile = "";
				INFOPLIST_KEY_UISupportedInterfaceOrientations = UIInterfaceOrientationPortrait;
				IPHONEOS_DEPLOYMENT_TARGET = 13.0;
				LD_RUNPATH_SEARCH_PATHS = (
					"$(inherited)",
					"@executable_path/Frameworks",
				);
				MARKETING_VERSION = 1.0;
				PRODUCT_BUNDLE_IDENTIFIER = com.nugroho.catetin;
				PRODUCT_NAME = "$(TARGET_NAME)";
				SUPPORTED_PLATFORMS = "iphoneos iphonesimulator";
				SUPPORTS_MACCATALYST = NO;
				SUPPORTS_MAC_DESIGNED_FOR_IPHONE_IPAD = NO;
				SUPPORTS_XR_DESIGNED_FOR_IPHONE_IPAD = NO;
				SWIFT_EMIT_LOC_STRINGS = YES;
				SWIFT_VERSION = 5.0;
				TARGETED_DEVICE_FAMILY = "1,2";
			};
			name = Release;
		};
/* End XCBuildConfiguration section */

/* Begin XCConfigurationList section */
		4EE4DE682BC3CD6B004FD7C2 /* Build configuration list for PBXProject "catetin" */ = {
			isa = XCConfigurationList;
			buildConfigurations = (
				4EE4DE7F2BC3CD6D004FD7C2 /* Debug */,
				4EE4DE802BC3CD6D004FD7C2 /* Release */,
			);
			defaultConfigurationIsVisible = 0;
			defaultConfigurationName = Release;
		};
		4EE4DE812BC3CD6D004FD7C2 /* Build configuration list for PBXNativeTarget "catetin" */ = {
			isa = XCConfigurationList;
			buildConfigurations = (
				4EE4DE822BC3CD6D004FD7C2 /* Debug */,
				4EE4DE832BC3CD6D004FD7C2 /* Release */,
			);
			defaultConfigurationIsVisible = 0;
			defaultConfigurationName = Release;
		};
/* End XCConfigurationList section */
	};
	rootObject = 4EE4DE652BC3CD6B004FD7C2 /* Project object */;
}
